
Microsoft Visual Studio Solution File, Format Version 12.00
# Visual Studio Version 16
VisualStudioVersion = 16.0.30804.86
MinimumVisualStudioVersion = 10.0.40219.1
Project("{FAE04EC0-301F-11D3-BF4B-00C04F79EFBC}") = "Blazor-Server-JsRuntimeStream", "Blazor-Server-JsRuntimeStream\Blazor-Server-JsRuntimeStream.csproj", "{E05CFEAB-0C68-4820-A852-A02F19F7B33E}"
EndProject
Global
	GlobalSection(SolutionConfigurationPlatforms) = preSolution
		Debug|Any CPU = Debug|Any CPU
		Release|Any CPU = Release|Any CPU
	EndGlobalSection
	GlobalSection(ProjectConfigurationPlatforms) = postSolution
		{E05CFEAB-0C68-4820-A852-A02F19F7B33E}.Debug|Any CPU.ActiveCfg = Debug|Any CPU
		{E05CFEAB-0C68-4820-A852-A02F19F7B33E}.Debug|Any CPU.Build.0 = Debug|Any CPU
		{E05CFEAB-0C68-4820-A852-A02F19F7B33E}.Release|Any CPU.ActiveCfg = Release|Any CPU
		{E05CFEAB-0C68-4820-A852-A02F19F7B33E}.Release|Any CPU.Build.0 = Release|Any CPU
	EndGlobalSection
	GlobalSection(SolutionProperties) = preSolution
		HideSolutionNode = FALSE
	EndGlobalSection
	GlobalSection(ExtensibilityGlobals) = postSolution
		SolutionGuid = {DAF81BCA-137B-464D-91EC-142EC1686387}
	EndGlobalSection
EndGlobal
